
Microsoft Visual Studio Solution File, Format Version 12.00
# Visual Studio Version 17
VisualStudioVersion = 17.1.32421.90
MinimumVisualStudioVersion = 10.0.40219.1
Project("{FAE04EC0-301F-11D3-BF4B-00C04F79EFBC}") = "WebApiDataView", "WebApiDataView.csproj", "{AF597BD3-472F-4EBE-9A3E-68A73EB9219B}"
EndProject
Global
	GlobalSection(SolutionConfigurationPlatforms) = preSolution
		Debug|Any CPU = Debug|Any CPU
		Release|Any CPU = Release|Any CPU
	EndGlobalSection
	GlobalSection(ProjectConfigurationPlatforms) = postSolution
		{AF597BD3-472F-4EBE-9A3E-68A73EB9219B}.Debug|Any CPU.ActiveCfg = Debug|Any CPU
		{AF597BD3-472F-4EBE-9A3E-68A73EB9219B}.Debug|Any CPU.Build.0 = Debug|Any CPU
		{AF597BD3-472F-4EBE-9A3E-68A73EB9219B}.Release|Any CPU.ActiveCfg = Release|Any CPU
		{AF597BD3-472F-4EBE-9A3E-68A73EB9219B}.Release|Any CPU.Build.0 = Release|Any CPU
	EndGlobalSection
	GlobalSection(SolutionProperties) = preSolution
		HideSolutionNode = FALSE
	EndGlobalSection
	GlobalSection(ExtensibilityGlobals) = postSolution
		SolutionGuid = {82D978B7-6387-4B1C-8F91-44940C0DF4A1}
	EndGlobalSection
EndGlobal
